// !$*UTF8*$!
{
	archiveVersion = 1;
	classes = {
	};
	objectVersion = 56;
	objects = {

/* Begin PBXBuildFile section */
		671742C22C0FF7A800B90D45 /* User.swift in Sources */ = {isa = PBXBuildFile; fileRef = 671742C12C0FF7A800B90D45 /* User.swift */; };
		671742C72C11260B00B90D45 /* Device.swift in Sources */ = {isa = PBXBuildFile; fileRef = 671742C62C11260B00B90D45 /* Device.swift */; };
		67199B682C1BAAF700D0183E /* GradientHeaderView.swift in Sources */ = {isa = PBXBuildFile; fileRef = 67199B672C1BAAF700D0183E /* GradientHeaderView.swift */; };
		67199B6A2C1BB08300D0183E /* AboutView.swift in Sources */ = {isa = PBXBuildFile; fileRef = 67199B692C1BB08300D0183E /* AboutView.swift */; };
		67199B6C2C1BB33B00D0183E /* Bundle.swift in Sources */ = {isa = PBXBuildFile; fileRef = 67199B6B2C1BB33B00D0183E /* Bundle.swift */; };
		672C57D32C11920D0006443A /* RootView.swift in Sources */ = {isa = PBXBuildFile; fileRef = 672C57D22C11920D0006443A /* RootView.swift */; };
		672C57DB2C1274A30006443A /* SwiftyRSA in Frameworks */ = {isa = PBXBuildFile; productRef = 672C57DA2C1274A30006443A /* SwiftyRSA */; };
		672C57DE2C1280200006443A /* SimpleKeychain in Frameworks */ = {isa = PBXBuildFile; productRef = 672C57DD2C1280200006443A /* SimpleKeychain */; };
		672E74262C17FF5400EE7848 /* RootTabView.swift in Sources */ = {isa = PBXBuildFile; fileRef = 672E74252C17FF5400EE7848 /* RootTabView.swift */; };
		672E74292C18033100EE7848 /* BigButton.swift in Sources */ = {isa = PBXBuildFile; fileRef = 672E74282C18033100EE7848 /* BigButton.swift */; };
		672E742D2C180F7200EE7848 /* ProfileView.swift in Sources */ = {isa = PBXBuildFile; fileRef = 672E742C2C180F7200EE7848 /* ProfileView.swift */; };
		672E742F2C18221D00EE7848 /* EntryRowView.swift in Sources */ = {isa = PBXBuildFile; fileRef = 672E742E2C18221D00EE7848 /* EntryRowView.swift */; };
		672E74312C18248B00EE7848 /* Entry.swift in Sources */ = {isa = PBXBuildFile; fileRef = 672E74302C18248B00EE7848 /* Entry.swift */; };
		672E74352C1826F300EE7848 /* DeveloperPreview.swift in Sources */ = {isa = PBXBuildFile; fileRef = 672E74342C1826F300EE7848 /* DeveloperPreview.swift */; };
		679FC10A2C0DA48B00C4A2AE /* Color.swift in Sources */ = {isa = PBXBuildFile; fileRef = 679FC1092C0DA48B00C4A2AE /* Color.swift */; };
		679FC1102C0DA73F00C4A2AE /* HomeView.swift in Sources */ = {isa = PBXBuildFile; fileRef = 679FC10F2C0DA73F00C4A2AE /* HomeView.swift */; };
		679FC1152C0F3A4200C4A2AE /* LoginView.swift in Sources */ = {isa = PBXBuildFile; fileRef = 679FC1142C0F3A4200C4A2AE /* LoginView.swift */; };
		679FC1182C0FBC9F00C4A2AE /* AuthViewModel.swift in Sources */ = {isa = PBXBuildFile; fileRef = 679FC1172C0FBC9F00C4A2AE /* AuthViewModel.swift */; };
		679FC11B2C0FC0CE00C4A2AE /* Constants.swift in Sources */ = {isa = PBXBuildFile; fileRef = 679FC11A2C0FC0CE00C4A2AE /* Constants.swift */; };
		67A20DDD2C19328A009B8564 /* HomeViewModel.swift in Sources */ = {isa = PBXBuildFile; fileRef = 67A20DDC2C19328A009B8564 /* HomeViewModel.swift */; };
		67A20DDF2C1939C1009B8564 /* EntryService.swift in Sources */ = {isa = PBXBuildFile; fileRef = 67A20DDE2C1939C1009B8564 /* EntryService.swift */; };
		67BC02B12C197E9000F971D9 /* AlertKit in Frameworks */ = {isa = PBXBuildFile; productRef = 67BC02B02C197E9000F971D9 /* AlertKit */; };
		67BC02B42C1A586700F971D9 /* ProfileViewModel.swift in Sources */ = {isa = PBXBuildFile; fileRef = 67BC02B32C1A586700F971D9 /* ProfileViewModel.swift */; };
		67BC02BA2C1A64F200F971D9 /* FluidGradient in Frameworks */ = {isa = PBXBuildFile; productRef = 67BC02B92C1A64F200F971D9 /* FluidGradient */; };
		67D4CB382C13E87C0052CD4F /* UserService.swift in Sources */ = {isa = PBXBuildFile; fileRef = 67D4CB372C13E87C0052CD4F /* UserService.swift */; };
		67D4CB3A2C13E90B0052CD4F /* APIClient.swift in Sources */ = {isa = PBXBuildFile; fileRef = 67D4CB392C13E90B0052CD4F /* APIClient.swift */; };
		67D4CB3E2C14F87E0052CD4F /* Error.swift in Sources */ = {isa = PBXBuildFile; fileRef = 67D4CB3D2C14F87E0052CD4F /* Error.swift */; };
		67D4CB402C16C2690052CD4F /* DeviceService.swift in Sources */ = {isa = PBXBuildFile; fileRef = 67D4CB3F2C16C2690052CD4F /* DeviceService.swift */; };
		67D631862C174BB2009F06A9 /* ProgressView.swift in Sources */ = {isa = PBXBuildFile; fileRef = 67D631852C174BB2009F06A9 /* ProgressView.swift */; };
		67D631882C17B708009F06A9 /* DateFormatter.swift in Sources */ = {isa = PBXBuildFile; fileRef = 67D631872C17B708009F06A9 /* DateFormatter.swift */; };
		67D6318A2C17B837009F06A9 /* SettingsView.swift in Sources */ = {isa = PBXBuildFile; fileRef = 67D631892C17B837009F06A9 /* SettingsView.swift */; };
		67D6318C2C17BAEA009F06A9 /* ClipboardService.swift in Sources */ = {isa = PBXBuildFile; fileRef = 67D6318B2C17BAEA009F06A9 /* ClipboardService.swift */; };
		67D6318E2C17BE95009F06A9 /* UserDefaults.swift in Sources */ = {isa = PBXBuildFile; fileRef = 67D6318D2C17BE95009F06A9 /* UserDefaults.swift */; };
		67DA63872C12AF6B0024098B /* EncryptionService.swift in Sources */ = {isa = PBXBuildFile; fileRef = 67DA63862C12AF6B0024098B /* EncryptionService.swift */; };
		67DB49D52C12C60F00F4A381 /* SwiftyRSA in Embed Frameworks */ = {isa = PBXBuildFile; productRef = 672C57DA2C1274A30006443A /* SwiftyRSA */; settings = {ATTRIBUTES = (CodeSignOnCopy, ); }; };
		67E51C452C083807000FBC55 /* pasteyApp.swift in Sources */ = {isa = PBXBuildFile; fileRef = 67E51C442C083807000FBC55 /* pasteyApp.swift */; };
		67E51C492C083809000FBC55 /* Assets.xcassets in Resources */ = {isa = PBXBuildFile; fileRef = 67E51C482C083809000FBC55 /* Assets.xcassets */; };
		67E51C4C2C083809000FBC55 /* Preview Assets.xcassets in Resources */ = {isa = PBXBuildFile; fileRef = 67E51C4B2C083809000FBC55 /* Preview Assets.xcassets */; };
/* End PBXBuildFile section */

/* Begin PBXCopyFilesBuildPhase section */
		67DB49D62C12C60F00F4A381 /* Embed Frameworks */ = {
			isa = PBXCopyFilesBuildPhase;
			buildActionMask = 2147483647;
			dstPath = "";
			dstSubfolderSpec = 10;
			files = (
				67DB49D52C12C60F00F4A381 /* SwiftyRSA in Embed Frameworks */,
			);
			name = "Embed Frameworks";
			runOnlyForDeploymentPostprocessing = 0;
		};
/* End PBXCopyFilesBuildPhase section */

/* Begin PBXFileReference section */
		671742C12C0FF7A800B90D45 /* User.swift */ = {isa = PBXFileReference; lastKnownFileType = sourcecode.swift; path = User.swift; sourceTree = "<group>"; };
		671742C62C11260B00B90D45 /* Device.swift */ = {isa = PBXFileReference; lastKnownFileType = sourcecode.swift; path = Device.swift; sourceTree = "<group>"; };
		67199B672C1BAAF700D0183E /* GradientHeaderView.swift */ = {isa = PBXFileReference; lastKnownFileType = sourcecode.swift; path = GradientHeaderView.swift; sourceTree = "<group>"; };
		67199B692C1BB08300D0183E /* AboutView.swift */ = {isa = PBXFileReference; lastKnownFileType = sourcecode.swift; path = AboutView.swift; sourceTree = "<group>"; };
		67199B6B2C1BB33B00D0183E /* Bundle.swift */ = {isa = PBXFileReference; lastKnownFileType = sourcecode.swift; path = Bundle.swift; sourceTree = "<group>"; };
		672C57D22C11920D0006443A /* RootView.swift */ = {isa = PBXFileReference; lastKnownFileType = sourcecode.swift; path = RootView.swift; sourceTree = "<group>"; };
		672E74252C17FF5400EE7848 /* RootTabView.swift */ = {isa = PBXFileReference; lastKnownFileType = sourcecode.swift; path = RootTabView.swift; sourceTree = "<group>"; };
		672E74282C18033100EE7848 /* BigButton.swift */ = {isa = PBXFileReference; lastKnownFileType = sourcecode.swift; path = BigButton.swift; sourceTree = "<group>"; };
		672E742C2C180F7200EE7848 /* ProfileView.swift */ = {isa = PBXFileReference; lastKnownFileType = sourcecode.swift; path = ProfileView.swift; sourceTree = "<group>"; };
		672E742E2C18221D00EE7848 /* EntryRowView.swift */ = {isa = PBXFileReference; lastKnownFileType = sourcecode.swift; path = EntryRowView.swift; sourceTree = "<group>"; };
		672E74302C18248B00EE7848 /* Entry.swift */ = {isa = PBXFileReference; lastKnownFileType = sourcecode.swift; path = Entry.swift; sourceTree = "<group>"; };
		672E74342C1826F300EE7848 /* DeveloperPreview.swift */ = {isa = PBXFileReference; lastKnownFileType = sourcecode.swift; path = DeveloperPreview.swift; sourceTree = "<group>"; };
		679FC1092C0DA48B00C4A2AE /* Color.swift */ = {isa = PBXFileReference; lastKnownFileType = sourcecode.swift; path = Color.swift; sourceTree = "<group>"; };
		679FC10F2C0DA73F00C4A2AE /* HomeView.swift */ = {isa = PBXFileReference; lastKnownFileType = sourcecode.swift; path = HomeView.swift; sourceTree = "<group>"; };
		679FC1142C0F3A4200C4A2AE /* LoginView.swift */ = {isa = PBXFileReference; lastKnownFileType = sourcecode.swift; path = LoginView.swift; sourceTree = "<group>"; };
		679FC1172C0FBC9F00C4A2AE /* AuthViewModel.swift */ = {isa = PBXFileReference; lastKnownFileType = sourcecode.swift; path = AuthViewModel.swift; sourceTree = "<group>"; };
		679FC11A2C0FC0CE00C4A2AE /* Constants.swift */ = {isa = PBXFileReference; lastKnownFileType = sourcecode.swift; path = Constants.swift; sourceTree = "<group>"; };
		67A20DDC2C19328A009B8564 /* HomeViewModel.swift */ = {isa = PBXFileReference; lastKnownFileType = sourcecode.swift; path = HomeViewModel.swift; sourceTree = "<group>"; };
		67A20DDE2C1939C1009B8564 /* EntryService.swift */ = {isa = PBXFileReference; lastKnownFileType = sourcecode.swift; path = EntryService.swift; sourceTree = "<group>"; };
		67A20DE02C193D48009B8564 /* pastey.entitlements */ = {isa = PBXFileReference; lastKnownFileType = text.plist.entitlements; path = pastey.entitlements; sourceTree = "<group>"; };
		67BC02B32C1A586700F971D9 /* ProfileViewModel.swift */ = {isa = PBXFileReference; lastKnownFileType = sourcecode.swift; path = ProfileViewModel.swift; sourceTree = "<group>"; };
		67D4CB372C13E87C0052CD4F /* UserService.swift */ = {isa = PBXFileReference; lastKnownFileType = sourcecode.swift; path = UserService.swift; sourceTree = "<group>"; };
		67D4CB392C13E90B0052CD4F /* APIClient.swift */ = {isa = PBXFileReference; lastKnownFileType = sourcecode.swift; path = APIClient.swift; sourceTree = "<group>"; };
		67D4CB3D2C14F87E0052CD4F /* Error.swift */ = {isa = PBXFileReference; lastKnownFileType = sourcecode.swift; path = Error.swift; sourceTree = "<group>"; };
		67D4CB3F2C16C2690052CD4F /* DeviceService.swift */ = {isa = PBXFileReference; lastKnownFileType = sourcecode.swift; path = DeviceService.swift; sourceTree = "<group>"; };
		67D631852C174BB2009F06A9 /* ProgressView.swift */ = {isa = PBXFileReference; lastKnownFileType = sourcecode.swift; path = ProgressView.swift; sourceTree = "<group>"; };
		67D631872C17B708009F06A9 /* DateFormatter.swift */ = {isa = PBXFileReference; lastKnownFileType = sourcecode.swift; path = DateFormatter.swift; sourceTree = "<group>"; };
		67D631892C17B837009F06A9 /* SettingsView.swift */ = {isa = PBXFileReference; lastKnownFileType = sourcecode.swift; path = SettingsView.swift; sourceTree = "<group>"; };
		67D6318B2C17BAEA009F06A9 /* ClipboardService.swift */ = {isa = PBXFileReference; lastKnownFileType = sourcecode.swift; path = ClipboardService.swift; sourceTree = "<group>"; };
		67D6318D2C17BE95009F06A9 /* UserDefaults.swift */ = {isa = PBXFileReference; lastKnownFileType = sourcecode.swift; path = UserDefaults.swift; sourceTree = "<group>"; };
		67DA63862C12AF6B0024098B /* EncryptionService.swift */ = {isa = PBXFileReference; lastKnownFileType = sourcecode.swift; path = EncryptionService.swift; sourceTree = "<group>"; };
		67E51C412C083807000FBC55 /* pastey.app */ = {isa = PBXFileReference; explicitFileType = wrapper.application; includeInIndex = 0; path = pastey.app; sourceTree = BUILT_PRODUCTS_DIR; };
		67E51C442C083807000FBC55 /* pasteyApp.swift */ = {isa = PBXFileReference; lastKnownFileType = sourcecode.swift; path = pasteyApp.swift; sourceTree = "<group>"; };
		67E51C482C083809000FBC55 /* Assets.xcassets */ = {isa = PBXFileReference; lastKnownFileType = folder.assetcatalog; path = Assets.xcassets; sourceTree = "<group>"; };
		67E51C4B2C083809000FBC55 /* Preview Assets.xcassets */ = {isa = PBXFileReference; lastKnownFileType = folder.assetcatalog; path = "Preview Assets.xcassets"; sourceTree = "<group>"; };
/* End PBXFileReference section */

/* Begin PBXFrameworksBuildPhase section */
		67E51C3E2C083807000FBC55 /* Frameworks */ = {
			isa = PBXFrameworksBuildPhase;
			buildActionMask = 2147483647;
			files = (
				672C57DE2C1280200006443A /* SimpleKeychain in Frameworks */,
				672C57DB2C1274A30006443A /* SwiftyRSA in Frameworks */,
				67BC02B12C197E9000F971D9 /* AlertKit in Frameworks */,
				67BC02BA2C1A64F200F971D9 /* FluidGradient in Frameworks */,
			);
			runOnlyForDeploymentPostprocessing = 0;
		};
/* End PBXFrameworksBuildPhase section */

/* Begin PBXGroup section */
		671742C32C0FF80000B90D45 /* Services */ = {
			isa = PBXGroup;
			children = (
				67DA63862C12AF6B0024098B /* EncryptionService.swift */,
				67D4CB372C13E87C0052CD4F /* UserService.swift */,
				67D4CB3F2C16C2690052CD4F /* DeviceService.swift */,
				67D6318B2C17BAEA009F06A9 /* ClipboardService.swift */,
				67A20DDE2C1939C1009B8564 /* EntryService.swift */,
			);
			path = Services;
			sourceTree = "<group>";
		};
		672E74272C1802D700EE7848 /* Settings */ = {
			isa = PBXGroup;
			children = (
				67D631892C17B837009F06A9 /* SettingsView.swift */,
				67199B692C1BB08300D0183E /* AboutView.swift */,
			);
			path = Settings;
			sourceTree = "<group>";
		};
		672E742A2C180F5F00EE7848 /* Profile */ = {
			isa = PBXGroup;
			children = (
				67BC02B22C1A585900F971D9 /* ViewModels */,
				672E742B2C180F6800EE7848 /* Views */,
			);
			path = Profile;
			sourceTree = "<group>";
		};
		672E742B2C180F6800EE7848 /* Views */ = {
			isa = PBXGroup;
			children = (
				672E742C2C180F7200EE7848 /* ProfileView.swift */,
			);
			path = Views;
			sourceTree = "<group>";
		};
		679FC1082C0DA47600C4A2AE /* Extensions */ = {
			isa = PBXGroup;
			children = (
				679FC1092C0DA48B00C4A2AE /* Color.swift */,
				67D631872C17B708009F06A9 /* DateFormatter.swift */,
				67D6318D2C17BE95009F06A9 /* UserDefaults.swift */,
				67199B6B2C1BB33B00D0183E /* Bundle.swift */,
			);
			path = Extensions;
			sourceTree = "<group>";
		};
		679FC10B2C0DA70F00C4A2AE /* Core */ = {
			isa = PBXGroup;
			children = (
				672E742A2C180F5F00EE7848 /* Profile */,
				672E74272C1802D700EE7848 /* Settings */,
				679FC1162C0F3A6600C4A2AE /* Components */,
				679FC1112C0F372F00C4A2AE /* Auth */,
				679FC10C2C0DA71500C4A2AE /* Home */,
			);
			path = Core;
			sourceTree = "<group>";
		};
		679FC10C2C0DA71500C4A2AE /* Home */ = {
			isa = PBXGroup;
			children = (
				679FC10E2C0DA72A00C4A2AE /* ViewModels */,
				679FC10D2C0DA72400C4A2AE /* Views */,
			);
			path = Home;
			sourceTree = "<group>";
		};
		679FC10D2C0DA72400C4A2AE /* Views */ = {
			isa = PBXGroup;
			children = (
				679FC10F2C0DA73F00C4A2AE /* HomeView.swift */,
			);
			path = Views;
			sourceTree = "<group>";
		};
		679FC10E2C0DA72A00C4A2AE /* ViewModels */ = {
			isa = PBXGroup;
			children = (
				67A20DDC2C19328A009B8564 /* HomeViewModel.swift */,
			);
			path = ViewModels;
			sourceTree = "<group>";
		};
		679FC1112C0F372F00C4A2AE /* Auth */ = {
			isa = PBXGroup;
			children = (
				679FC1132C0F3A3700C4A2AE /* ViewModels */,
				679FC1122C0F3A2200C4A2AE /* Views */,
			);
			path = Auth;
			sourceTree = "<group>";
		};
		679FC1122C0F3A2200C4A2AE /* Views */ = {
			isa = PBXGroup;
			children = (
				679FC1142C0F3A4200C4A2AE /* LoginView.swift */,
			);
			path = Views;
			sourceTree = "<group>";
		};
		679FC1132C0F3A3700C4A2AE /* ViewModels */ = {
			isa = PBXGroup;
			children = (
				679FC1172C0FBC9F00C4A2AE /* AuthViewModel.swift */,
			);
			path = ViewModels;
			sourceTree = "<group>";
		};
		679FC1162C0F3A6600C4A2AE /* Components */ = {
			isa = PBXGroup;
			children = (
				67D631852C174BB2009F06A9 /* ProgressView.swift */,
				672E74252C17FF5400EE7848 /* RootTabView.swift */,
				672E74282C18033100EE7848 /* BigButton.swift */,
				672E742E2C18221D00EE7848 /* EntryRowView.swift */,
				67199B672C1BAAF700D0183E /* GradientHeaderView.swift */,
			);
			path = Components;
			sourceTree = "<group>";
		};
		679FC1192C0FC0C400C4A2AE /* Utils */ = {
			isa = PBXGroup;
			children = (
				679FC11A2C0FC0CE00C4A2AE /* Constants.swift */,
				67D4CB392C13E90B0052CD4F /* APIClient.swift */,
				672E74342C1826F300EE7848 /* DeveloperPreview.swift */,
			);
			path = Utils;
			sourceTree = "<group>";
		};
		679FC11D2C0FC1AC00C4A2AE /* Models */ = {
			isa = PBXGroup;
			children = (
				671742C12C0FF7A800B90D45 /* User.swift */,
				671742C62C11260B00B90D45 /* Device.swift */,
				67D4CB3D2C14F87E0052CD4F /* Error.swift */,
				672E74302C18248B00EE7848 /* Entry.swift */,
			);
			path = Models;
			sourceTree = "<group>";
		};
		67BC02B22C1A585900F971D9 /* ViewModels */ = {
			isa = PBXGroup;
			children = (
				67BC02B32C1A586700F971D9 /* ProfileViewModel.swift */,
			);
			path = ViewModels;
			sourceTree = "<group>";
		};
		67E51C382C083807000FBC55 = {
			isa = PBXGroup;
			children = (
				67E51C432C083807000FBC55 /* pastey */,
				67E51C422C083807000FBC55 /* Products */,
			);
			sourceTree = "<group>";
		};
		67E51C422C083807000FBC55 /* Products */ = {
			isa = PBXGroup;
			children = (
				67E51C412C083807000FBC55 /* pastey.app */,
			);
			name = Products;
			sourceTree = "<group>";
		};
		67E51C432C083807000FBC55 /* pastey */ = {
			isa = PBXGroup;
			children = (
				67A20DE02C193D48009B8564 /* pastey.entitlements */,
				67E51C482C083809000FBC55 /* Assets.xcassets */,
				679FC1082C0DA47600C4A2AE /* Extensions */,
				679FC11D2C0FC1AC00C4A2AE /* Models */,
				679FC10B2C0DA70F00C4A2AE /* Core */,
				671742C32C0FF80000B90D45 /* Services */,
				679FC1192C0FC0C400C4A2AE /* Utils */,
				672C57D22C11920D0006443A /* RootView.swift */,
				67E51C442C083807000FBC55 /* pasteyApp.swift */,
				67E51C4A2C083809000FBC55 /* Preview Content */,
			);
			path = pastey;
			sourceTree = "<group>";
		};
		67E51C4A2C083809000FBC55 /* Preview Content */ = {
			isa = PBXGroup;
			children = (
				67E51C4B2C083809000FBC55 /* Preview Assets.xcassets */,
			);
			path = "Preview Content";
			sourceTree = "<group>";
		};
/* End PBXGroup section */

/* Begin PBXNativeTarget section */
		67E51C402C083807000FBC55 /* pastey */ = {
			isa = PBXNativeTarget;
			buildConfigurationList = 67E51C652C083809000FBC55 /* Build configuration list for PBXNativeTarget "pastey" */;
			buildPhases = (
				67E51C3D2C083807000FBC55 /* Sources */,
				67E51C3E2C083807000FBC55 /* Frameworks */,
				67E51C3F2C083807000FBC55 /* Resources */,
				67DB49D62C12C60F00F4A381 /* Embed Frameworks */,
			);
			buildRules = (
			);
			dependencies = (
			);
			name = pastey;
			packageProductDependencies = (
				672C57DA2C1274A30006443A /* SwiftyRSA */,
				672C57DD2C1280200006443A /* SimpleKeychain */,
				67BC02B02C197E9000F971D9 /* AlertKit */,
				67BC02B92C1A64F200F971D9 /* FluidGradient */,
			);
			productName = pastey;
			productReference = 67E51C412C083807000FBC55 /* pastey.app */;
			productType = "com.apple.product-type.application";
		};
/* End PBXNativeTarget section */

/* Begin PBXProject section */
		67E51C392C083807000FBC55 /* Project object */ = {
			isa = PBXProject;
			attributes = {
				BuildIndependentTargetsInParallel = 1;
				LastSwiftUpdateCheck = 1510;
				LastUpgradeCheck = 1510;
				TargetAttributes = {
					67E51C402C083807000FBC55 = {
						CreatedOnToolsVersion = 15.1;
					};
				};
			};
			buildConfigurationList = 67E51C3C2C083807000FBC55 /* Build configuration list for PBXProject "pastey" */;
			compatibilityVersion = "Xcode 14.0";
			developmentRegion = en;
			hasScannedForEncodings = 0;
			knownRegions = (
				en,
				Base,
			);
			mainGroup = 67E51C382C083807000FBC55;
			packageReferences = (
				672C57D92C1274A30006443A /* XCRemoteSwiftPackageReference "SwiftyRSA" */,
				672C57DC2C1280200006443A /* XCRemoteSwiftPackageReference "SimpleKeychain" */,
				67BC02AF2C197E9000F971D9 /* XCRemoteSwiftPackageReference "AlertKit" */,
				67BC02B82C1A64F200F971D9 /* XCRemoteSwiftPackageReference "FluidGradient" */,
			);
			productRefGroup = 67E51C422C083807000FBC55 /* Products */;
			projectDirPath = "";
			projectRoot = "";
			targets = (
				67E51C402C083807000FBC55 /* pastey */,
			);
		};
/* End PBXProject section */

/* Begin PBXResourcesBuildPhase section */
		67E51C3F2C083807000FBC55 /* Resources */ = {
			isa = PBXResourcesBuildPhase;
			buildActionMask = 2147483647;
			files = (
				67E51C4C2C083809000FBC55 /* Preview Assets.xcassets in Resources */,
				67E51C492C083809000FBC55 /* Assets.xcassets in Resources */,
			);
			runOnlyForDeploymentPostprocessing = 0;
		};
/* End PBXResourcesBuildPhase section */

/* Begin PBXSourcesBuildPhase section */
		67E51C3D2C083807000FBC55 /* Sources */ = {
			isa = PBXSourcesBuildPhase;
			buildActionMask = 2147483647;
			files = (
				672E74312C18248B00EE7848 /* Entry.swift in Sources */,
				67D631882C17B708009F06A9 /* DateFormatter.swift in Sources */,
				679FC1102C0DA73F00C4A2AE /* HomeView.swift in Sources */,
				67DA63872C12AF6B0024098B /* EncryptionService.swift in Sources */,
				67199B6C2C1BB33B00D0183E /* Bundle.swift in Sources */,
				67D631862C174BB2009F06A9 /* ProgressView.swift in Sources */,
				67199B682C1BAAF700D0183E /* GradientHeaderView.swift in Sources */,
				67D6318C2C17BAEA009F06A9 /* ClipboardService.swift in Sources */,
				67BC02B42C1A586700F971D9 /* ProfileViewModel.swift in Sources */,
				672E74292C18033100EE7848 /* BigButton.swift in Sources */,
				679FC1182C0FBC9F00C4A2AE /* AuthViewModel.swift in Sources */,
				672E74262C17FF5400EE7848 /* RootTabView.swift in Sources */,
				672E742F2C18221D00EE7848 /* EntryRowView.swift in Sources */,
				67D6318A2C17B837009F06A9 /* SettingsView.swift in Sources */,
				67A20DDF2C1939C1009B8564 /* EntryService.swift in Sources */,
				67E51C452C083807000FBC55 /* pasteyApp.swift in Sources */,
				679FC11B2C0FC0CE00C4A2AE /* Constants.swift in Sources */,
				67D4CB402C16C2690052CD4F /* DeviceService.swift in Sources */,
				679FC1152C0F3A4200C4A2AE /* LoginView.swift in Sources */,
				67199B6A2C1BB08300D0183E /* AboutView.swift in Sources */,
				67D4CB3E2C14F87E0052CD4F /* Error.swift in Sources */,
				67D4CB382C13E87C0052CD4F /* UserService.swift in Sources */,
				67D6318E2C17BE95009F06A9 /* UserDefaults.swift in Sources */,
				671742C72C11260B00B90D45 /* Device.swift in Sources */,
				671742C22C0FF7A800B90D45 /* User.swift in Sources */,
				672E74352C1826F300EE7848 /* DeveloperPreview.swift in Sources */,
				67A20DDD2C19328A009B8564 /* HomeViewModel.swift in Sources */,
				679FC10A2C0DA48B00C4A2AE /* Color.swift in Sources */,
				672C57D32C11920D0006443A /* RootView.swift in Sources */,
				672E742D2C180F7200EE7848 /* ProfileView.swift in Sources */,
				67D4CB3A2C13E90B0052CD4F /* APIClient.swift in Sources */,
			);
			runOnlyForDeploymentPostprocessing = 0;
		};
/* End PBXSourcesBuildPhase section */

/* Begin XCBuildConfiguration section */
		67E51C632C083809000FBC55 /* Debug */ = {
			isa = XCBuildConfiguration;
			buildSettings = {
				ALWAYS_SEARCH_USER_PATHS = NO;
				ASSETCATALOG_COMPILER_GENERATE_SWIFT_ASSET_SYMBOL_EXTENSIONS = YES;
				CLANG_ANALYZER_NONNULL = YES;
				CLANG_ANALYZER_NUMBER_OBJECT_CONVERSION = YES_AGGRESSIVE;
				CLANG_CXX_LANGUAGE_STANDARD = "gnu++20";
				CLANG_ENABLE_MODULES = YES;
				CLANG_ENABLE_OBJC_ARC = YES;
				CLANG_ENABLE_OBJC_WEAK = YES;
				CLANG_WARN_BLOCK_CAPTURE_AUTORELEASING = YES;
				CLANG_WARN_BOOL_CONVERSION = YES;
				CLANG_WARN_COMMA = YES;
				CLANG_WARN_CONSTANT_CONVERSION = YES;
				CLANG_WARN_DEPRECATED_OBJC_IMPLEMENTATIONS = YES;
				CLANG_WARN_DIRECT_OBJC_ISA_USAGE = YES_ERROR;
				CLANG_WARN_DOCUMENTATION_COMMENTS = YES;
				CLANG_WARN_EMPTY_BODY = YES;
				CLANG_WARN_ENUM_CONVERSION = YES;
				CLANG_WARN_INFINITE_RECURSION = YES;
				CLANG_WARN_INT_CONVERSION = YES;
				CLANG_WARN_NON_LITERAL_NULL_CONVERSION = YES;
				CLANG_WARN_OBJC_IMPLICIT_RETAIN_SELF = YES;
				CLANG_WARN_OBJC_LITERAL_CONVERSION = YES;
				CLANG_WARN_OBJC_ROOT_CLASS = YES_ERROR;
				CLANG_WARN_QUOTED_INCLUDE_IN_FRAMEWORK_HEADER = YES;
				CLANG_WARN_RANGE_LOOP_ANALYSIS = YES;
				CLANG_WARN_STRICT_PROTOTYPES = YES;
				CLANG_WARN_SUSPICIOUS_MOVE = YES;
				CLANG_WARN_UNGUARDED_AVAILABILITY = YES_AGGRESSIVE;
				CLANG_WARN_UNREACHABLE_CODE = YES;
				CLANG_WARN__DUPLICATE_METHOD_MATCH = YES;
				COPY_PHASE_STRIP = NO;
				DEBUG_INFORMATION_FORMAT = dwarf;
				ENABLE_STRICT_OBJC_MSGSEND = YES;
				ENABLE_TESTABILITY = YES;
				ENABLE_USER_SCRIPT_SANDBOXING = YES;
				GCC_C_LANGUAGE_STANDARD = gnu17;
				GCC_DYNAMIC_NO_PIC = NO;
				GCC_NO_COMMON_BLOCKS = YES;
				GCC_OPTIMIZATION_LEVEL = 0;
				GCC_PREPROCESSOR_DEFINITIONS = (
					"DEBUG=1",
					"$(inherited)",
				);
				GCC_WARN_64_TO_32_BIT_CONVERSION = YES;
				GCC_WARN_ABOUT_RETURN_TYPE = YES_ERROR;
				GCC_WARN_UNDECLARED_SELECTOR = YES;
				GCC_WARN_UNINITIALIZED_AUTOS = YES_AGGRESSIVE;
				GCC_WARN_UNUSED_FUNCTION = YES;
				GCC_WARN_UNUSED_VARIABLE = YES;
				IPHONEOS_DEPLOYMENT_TARGET = 17.2;
				LOCALIZATION_PREFERS_STRING_CATALOGS = YES;
				MTL_ENABLE_DEBUG_INFO = INCLUDE_SOURCE;
				MTL_FAST_MATH = YES;
				ONLY_ACTIVE_ARCH = YES;
				SDKROOT = iphoneos;
				SWIFT_ACTIVE_COMPILATION_CONDITIONS = "DEBUG $(inherited)";
				SWIFT_OPTIMIZATION_LEVEL = "-Onone";
			};
			name = Debug;
		};
		67E51C642C083809000FBC55 /* Release */ = {
			isa = XCBuildConfiguration;
			buildSettings = {
				ALWAYS_SEARCH_USER_PATHS = NO;
				ASSETCATALOG_COMPILER_GENERATE_SWIFT_ASSET_SYMBOL_EXTENSIONS = YES;
				CLANG_ANALYZER_NONNULL = YES;
				CLANG_ANALYZER_NUMBER_OBJECT_CONVERSION = YES_AGGRESSIVE;
				CLANG_CXX_LANGUAGE_STANDARD = "gnu++20";
				CLANG_ENABLE_MODULES = YES;
				CLANG_ENABLE_OBJC_ARC = YES;
				CLANG_ENABLE_OBJC_WEAK = YES;
				CLANG_WARN_BLOCK_CAPTURE_AUTORELEASING = YES;
				CLANG_WARN_BOOL_CONVERSION = YES;
				CLANG_WARN_COMMA = YES;
				CLANG_WARN_CONSTANT_CONVERSION = YES;
				CLANG_WARN_DEPRECATED_OBJC_IMPLEMENTATIONS = YES;
				CLANG_WARN_DIRECT_OBJC_ISA_USAGE = YES_ERROR;
				CLANG_WARN_DOCUMENTATION_COMMENTS = YES;
				CLANG_WARN_EMPTY_BODY = YES;
				CLANG_WARN_ENUM_CONVERSION = YES;
				CLANG_WARN_INFINITE_RECURSION = YES;
				CLANG_WARN_INT_CONVERSION = YES;
				CLANG_WARN_NON_LITERAL_NULL_CONVERSION = YES;
				CLANG_WARN_OBJC_IMPLICIT_RETAIN_SELF = YES;
				CLANG_WARN_OBJC_LITERAL_CONVERSION = YES;
				CLANG_WARN_OBJC_ROOT_CLASS = YES_ERROR;
				CLANG_WARN_QUOTED_INCLUDE_IN_FRAMEWORK_HEADER = YES;
				CLANG_WARN_RANGE_LOOP_ANALYSIS = YES;
				CLANG_WARN_STRICT_PROTOTYPES = YES;
				CLANG_WARN_SUSPICIOUS_MOVE = YES;
				CLANG_WARN_UNGUARDED_AVAILABILITY = YES_AGGRESSIVE;
				CLANG_WARN_UNREACHABLE_CODE = YES;
				CLANG_WARN__DUPLICATE_METHOD_MATCH = YES;
				COPY_PHASE_STRIP = NO;
				DEBUG_INFORMATION_FORMAT = "dwarf-with-dsym";
				ENABLE_NS_ASSERTIONS = NO;
				ENABLE_STRICT_OBJC_MSGSEND = YES;
				ENABLE_USER_SCRIPT_SANDBOXING = YES;
				GCC_C_LANGUAGE_STANDARD = gnu17;
				GCC_NO_COMMON_BLOCKS = YES;
				GCC_WARN_64_TO_32_BIT_CONVERSION = YES;
				GCC_WARN_ABOUT_RETURN_TYPE = YES_ERROR;
				GCC_WARN_UNDECLARED_SELECTOR = YES;
				GCC_WARN_UNINITIALIZED_AUTOS = YES_AGGRESSIVE;
				GCC_WARN_UNUSED_FUNCTION = YES;
				GCC_WARN_UNUSED_VARIABLE = YES;
				IPHONEOS_DEPLOYMENT_TARGET = 17.2;
				LOCALIZATION_PREFERS_STRING_CATALOGS = YES;
				MTL_ENABLE_DEBUG_INFO = NO;
				MTL_FAST_MATH = YES;
				SDKROOT = iphoneos;
				SWIFT_COMPILATION_MODE = wholemodule;
				VALIDATE_PRODUCT = YES;
			};
			name = Release;
		};
		67E51C662C083809000FBC55 /* Debug */ = {
			isa = XCBuildConfiguration;
			buildSettings = {
				ASSETCATALOG_COMPILER_APPICON_NAME = AppIcon;
				ASSETCATALOG_COMPILER_GLOBAL_ACCENT_COLOR_NAME = AccentColor;
				CODE_SIGN_ENTITLEMENTS = pastey/pastey.entitlements;
				CODE_SIGN_STYLE = Automatic;
				CURRENT_PROJECT_VERSION = 1;
				DEVELOPMENT_ASSET_PATHS = "\"pastey/Preview Content\"";
				DEVELOPMENT_TEAM = P8P545YJ97;
				ENABLE_PREVIEWS = YES;
				GENERATE_INFOPLIST_FILE = YES;
				INFOPLIST_KEY_CFBundleDisplayName = pastey;
				INFOPLIST_KEY_LSApplicationCategoryType = "public.app-category.utilities";
				INFOPLIST_KEY_UIApplicationSceneManifest_Generation = YES;
				INFOPLIST_KEY_UIApplicationSupportsIndirectInputEvents = YES;
				INFOPLIST_KEY_UILaunchScreen_Generation = YES;
				INFOPLIST_KEY_UIRequiresFullScreen = YES;
				INFOPLIST_KEY_UISupportedInterfaceOrientations = UIInterfaceOrientationPortrait;
				LD_RUNPATH_SEARCH_PATHS = (
					"$(inherited)",
					"@executable_path/Frameworks",
				);
				MARKETING_VERSION = 1.0;
				PRODUCT_BUNDLE_IDENTIFIER = com.burakduruk.pastey;
				PRODUCT_NAME = "$(TARGET_NAME)";
				SUPPORTED_PLATFORMS = "iphoneos iphonesimulator";
				SUPPORTS_MACCATALYST = NO;
				SUPPORTS_MAC_DESIGNED_FOR_IPHONE_IPAD = NO;
				SWIFT_EMIT_LOC_STRINGS = YES;
				SWIFT_VERSION = 5.0;
				TARGETED_DEVICE_FAMILY = "1,2";
			};
			name = Debug;
		};
		67E51C672C083809000FBC55 /* Release */ = {
			isa = XCBuildConfiguration;
			buildSettings = {
				ASSETCATALOG_COMPILER_APPICON_NAME = AppIcon;
				ASSETCATALOG_COMPILER_GLOBAL_ACCENT_COLOR_NAME = AccentColor;
				CODE_SIGN_ENTITLEMENTS = pastey/pastey.entitlements;
				CODE_SIGN_STYLE = Automatic;
				CURRENT_PROJECT_VERSION = 1;
				DEVELOPMENT_ASSET_PATHS = "\"pastey/Preview Content\"";
				DEVELOPMENT_TEAM = P8P545YJ97;
				ENABLE_PREVIEWS = YES;
				GENERATE_INFOPLIST_FILE = YES;
				INFOPLIST_KEY_CFBundleDisplayName = pastey;
				INFOPLIST_KEY_LSApplicationCategoryType = "public.app-category.utilities";
				INFOPLIST_KEY_UIApplicationSceneManifest_Generation = YES;
				INFOPLIST_KEY_UIApplicationSupportsIndirectInputEvents = YES;
				INFOPLIST_KEY_UILaunchScreen_Generation = YES;
				INFOPLIST_KEY_UIRequiresFullScreen = YES;
				INFOPLIST_KEY_UISupportedInterfaceOrientations = UIInterfaceOrientationPortrait;
				LD_RUNPATH_SEARCH_PATHS = (
					"$(inherited)",
					"@executable_path/Frameworks",
				);
				MARKETING_VERSION = 1.0;
				PRODUCT_BUNDLE_IDENTIFIER = com.burakduruk.pastey;
				PRODUCT_NAME = "$(TARGET_NAME)";
				SUPPORTED_PLATFORMS = "iphoneos iphonesimulator";
				SUPPORTS_MACCATALYST = NO;
				SUPPORTS_MAC_DESIGNED_FOR_IPHONE_IPAD = NO;
				SWIFT_EMIT_LOC_STRINGS = YES;
				SWIFT_VERSION = 5.0;
				TARGETED_DEVICE_FAMILY = "1,2";
			};
			name = Release;
		};
/* End XCBuildConfiguration section */

/* Begin XCConfigurationList section */
		67E51C3C2C083807000FBC55 /* Build configuration list for PBXProject "pastey" */ = {
			isa = XCConfigurationList;
			buildConfigurations = (
				67E51C632C083809000FBC55 /* Debug */,
				67E51C642C083809000FBC55 /* Release */,
			);
			defaultConfigurationIsVisible = 0;
			defaultConfigurationName = Release;
		};
		67E51C652C083809000FBC55 /* Build configuration list for PBXNativeTarget "pastey" */ = {
			isa = XCConfigurationList;
			buildConfigurations = (
				67E51C662C083809000FBC55 /* Debug */,
				67E51C672C083809000FBC55 /* Release */,
			);
			defaultConfigurationIsVisible = 0;
			defaultConfigurationName = Release;
		};
/* End XCConfigurationList section */

/* Begin XCRemoteSwiftPackageReference section */
		672C57D92C1274A30006443A /* XCRemoteSwiftPackageReference "SwiftyRSA" */ = {
			isa = XCRemoteSwiftPackageReference;
			repositoryURL = "https://github.com/TakeScoop/SwiftyRSA.git";
			requirement = {
				kind = upToNextMajorVersion;
				minimumVersion = 1.8.0;
			};
		};
		672C57DC2C1280200006443A /* XCRemoteSwiftPackageReference "SimpleKeychain" */ = {
			isa = XCRemoteSwiftPackageReference;
			repositoryURL = "https://github.com/auth0/SimpleKeychain";
			requirement = {
				kind = upToNextMajorVersion;
				minimumVersion = 1.1.0;
			};
		};
		67BC02AF2C197E9000F971D9 /* XCRemoteSwiftPackageReference "AlertKit" */ = {
			isa = XCRemoteSwiftPackageReference;
			repositoryURL = "https://github.com/sparrowcode/AlertKit";
			requirement = {
				kind = upToNextMajorVersion;
				minimumVersion = 5.1.9;
			};
		};
		67BC02B82C1A64F200F971D9 /* XCRemoteSwiftPackageReference "FluidGradient" */ = {
			isa = XCRemoteSwiftPackageReference;
			repositoryURL = "https://github.com/Cindori/FluidGradient";
			requirement = {
				kind = upToNextMajorVersion;
				minimumVersion = 1.0.0;
			};
		};
/* End XCRemoteSwiftPackageReference section */

/* Begin XCSwiftPackageProductDependency section */
		672C57DA2C1274A30006443A /* SwiftyRSA */ = {
			isa = XCSwiftPackageProductDependency;
			package = 672C57D92C1274A30006443A /* XCRemoteSwiftPackageReference "SwiftyRSA" */;
			productName = SwiftyRSA;
		};
		672C57DD2C1280200006443A /* SimpleKeychain */ = {
			isa = XCSwiftPackageProductDependency;
			package = 672C57DC2C1280200006443A /* XCRemoteSwiftPackageReference "SimpleKeychain" */;
			productName = SimpleKeychain;
		};
		67BC02B02C197E9000F971D9 /* AlertKit */ = {
			isa = XCSwiftPackageProductDependency;
			package = 67BC02AF2C197E9000F971D9 /* XCRemoteSwiftPackageReference "AlertKit" */;
			productName = AlertKit;
		};
		67BC02B92C1A64F200F971D9 /* FluidGradient */ = {
			isa = XCSwiftPackageProductDependency;
			package = 67BC02B82C1A64F200F971D9 /* XCRemoteSwiftPackageReference "FluidGradient" */;
			productName = FluidGradient;
		};
/* End XCSwiftPackageProductDependency section */
	};
	rootObject = 67E51C392C083807000FBC55 /* Project object */;
}
